Microsoft Visual Studio Solution File, Format Version 12.00
# Visual Studio Version 17
VisualStudioVersion = 17.11.35327.3
MinimumVisualStudioVersion = 10.0.40219.1
Project("{9A19103F-16F7-4668-BE54-9A1E7A4F7556}") = "NetPace.Console", "NetPace.Console\NetPace.Console.csproj", "{04F32099-E5D4-456C-91B8-F422724413BC}"
EndProject
Project("{9A19103F-16F7-4668-BE54-9A1E7A4F7556}") = "NetPace.Core", "NetPace.Core\NetPace.Core.csproj", "{30331A29-2F59-4E1C-A239-7D82A5A865E1}"
EndProject
Project("{FAE04EC0-301F-11D3-BF4B-00C04F79EFBC}") = "NetPace.Console.Tests", "NetPace.Console.Tests\NetPace.Console.Tests.csproj", "{D19D41F3-C266-4A09-97C8-02363A5B1BAA}"
EndProject
Project("{2150E333-8FDC-42A3-9474-1A3956D46DE8}") = "Solution Items", "Solution Items", "{8EC462FD-D22E-90A8-E5CE-7E832BA40C5D}"
	ProjectSection(SolutionItems) = preProject
		..\.editorconfig = ..\.editorconfig
		.mcp.json = .mcp.json
		Directory.Build.props = Directory.Build.props
	EndProjectSection
EndProject
Project("{2150E333-8FDC-42A3-9474-1A3956D46DE8}") = "Examples", "Examples", "{5B50E1A6-F719-4846-A09A-19CD71E695A0}"
EndProject
Project("{FAE04EC0-301F-11D3-BF4B-00C04F79EFBC}") = "ConsoleApp", "..\examples\ConsoleApp\ConsoleApp.csproj", "{3C069F6A-0D91-4B46-B710-45A2F2883759}"
EndProject
Project("{FAE04EC0-301F-11D3-BF4B-00C04F79EFBC}") = "NetPace.Core.Tests", "NetPace.Core.Tests\NetPace.Core.Tests.csproj", "{ED348238-47F5-41B5-B0F5-F256D3750FD1}"
EndProject
Project("{2150E333-8FDC-42A3-9474-1A3956D46DE8}") = "Documentation", "Documentation", "{02EA681E-C7D8-13C7-8484-4AC65E1B71E8}"
	ProjectSection(SolutionItems) = preProject
		..\README.md = ..\README.md
		..\resources\nuget\README.md = ..\resources\nuget\README.md
		..\USER_GUIDE.md = ..\USER_GUIDE.md
	EndProjectSection
EndProject
Project("{2150E333-8FDC-42A3-9474-1A3956D46DE8}") = "GitHub Actions", "GitHub Actions", "{D2028549-8A8F-4832-AB1F-D54CE765D17B}"
	ProjectSection(SolutionItems) = preProject
		..\.github\workflows\codeql.yml = ..\.github\workflows\codeql.yml
		..\.github\dependabot.yml = ..\.github\dependabot.yml
		..\.github\workflows\dotnet.yml = ..\.github\workflows\dotnet.yml
		..\.github\workflows\publish-nuget.yml = ..\.github\workflows\publish-nuget.yml
		..\.github\workflows\release-binaries.yml = ..\.github\workflows\release-binaries.yml
	EndProjectSection
EndProject
Project("{FAE04EC0-301F-11D3-BF4B-00C04F79EFBC}") = "NetPace.Benchmarks", "NetPace.Benchmarks\NetPace.Benchmarks.csproj", "{87ED7B25-A461-22AC-8BF1-28076406A3F2}"
EndProject
Project("{2150E333-8FDC-42A3-9474-1A3956D46DE8}") = "Claude", "Claude", "{3F0A2AE3-3740-4B23-B699-FF197E71ED24}"
	ProjectSection(SolutionItems) = preProject
		..\.claude\CLAUDE.md = ..\.claude\CLAUDE.md
	EndProjectSection
EndProject
Global
	GlobalSection(SolutionConfigurationPlatforms) = preSolution
		Debug|Any CPU = Debug|Any CPU
		Release|Any CPU = Release|Any CPU
	EndGlobalSection
	GlobalSection(ProjectConfigurationPlatforms) = postSolution
		{04F32099-E5D4-456C-91B8-F422724413BC}.Debug|Any CPU.ActiveCfg = Debug|Any CPU
		{04F32099-E5D4-456C-91B8-F422724413BC}.Debug|Any CPU.Build.0 = Debug|Any CPU
		{04F32099-E5D4-456C-91B8-F422724413BC}.Release|Any CPU.ActiveCfg = Release|Any CPU
		{04F32099-E5D4-456C-91B8-F422724413BC}.Release|Any CPU.Build.0 = Release|Any CPU
		{30331A29-2F59-4E1C-A239-7D82A5A865E1}.Debug|Any CPU.ActiveCfg = Debug|Any CPU
		{30331A29-2F59-4E1C-A239-7D82A5A865E1}.Debug|Any CPU.Build.0 = Debug|Any CPU
		{30331A29-2F59-4E1C-A239-7D82A5A865E1}.Release|Any CPU.ActiveCfg = Release|Any CPU
		{30331A29-2F59-4E1C-A239-7D82A5A865E1}.Release|Any CPU.Build.0 = Release|Any CPU
		{D19D41F3-C266-4A09-97C8-02363A5B1BAA}.Debug|Any CPU.ActiveCfg = Debug|Any CPU
		{D19D41F3-C266-4A09-97C8-02363A5B1BAA}.Debug|Any CPU.Build.0 = Debug|Any CPU
		{D19D41F3-C266-4A09-97C8-02363A5B1BAA}.Release|Any CPU.ActiveCfg = Release|Any CPU
		{D19D41F3-C266-4A09-97C8-02363A5B1BAA}.Release|Any CPU.Build.0 = Release|Any CPU
		{3C069F6A-0D91-4B46-B710-45A2F2883759}.Debug|Any CPU.ActiveCfg = Debug|Any CPU
		{3C069F6A-0D91-4B46-B710-45A2F2883759}.Debug|Any CPU.Build.0 = Debug|Any CPU
		{3C069F6A-0D91-4B46-B710-45A2F2883759}.Release|Any CPU.ActiveCfg = Release|Any CPU
		{3C069F6A-0D91-4B46-B710-45A2F2883759}.Release|Any CPU.Build.0 = Release|Any CPU
		{ED348238-47F5-41B5-B0F5-F256D3750FD1}.Debug|Any CPU.ActiveCfg = Debug|Any CPU
		{ED348238-47F5-41B5-B0F5-F256D3750FD1}.Debug|Any CPU.Build.0 = Debug|Any CPU
		{ED348238-47F5-41B5-B0F5-F256D3750FD1}.Release|Any CPU.ActiveCfg = Release|Any CPU
		{ED348238-47F5-41B5-B0F5-F256D3750FD1}.Release|Any CPU.Build.0 = Release|Any CPU
		{87ED7B25-A461-22AC-8BF1-28076406A3F2}.Debug|Any CPU.ActiveCfg = Debug|Any CPU
		{87ED7B25-A461-22AC-8BF1-28076406A3F2}.Debug|Any CPU.Build.0 = Debug|Any CPU
		{87ED7B25-A461-22AC-8BF1-28076406A3F2}.Release|Any CPU.ActiveCfg = Release|Any CPU
		{87ED7B25-A461-22AC-8BF1-28076406A3F2}.Release|Any CPU.Build.0 = Release|Any CPU
	EndGlobalSection
	GlobalSection(SolutionProperties) = preSolution
		HideSolutionNode = FALSE
	EndGlobalSection
	GlobalSection(NestedProjects) = preSolution
		{3C069F6A-0D91-4B46-B710-45A2F2883759} = {5B50E1A6-F719-4846-A09A-19CD71E695A0}
	EndGlobalSection
	GlobalSection(ExtensibilityGlobals) = postSolution
		SolutionGuid = {0D52ABB0-3639-4C55-B2B0-1211DDD11DF8}
	EndGlobalSection
EndGlobal
