
Microsoft Visual Studio Solution File, Format Version 12.00
# Visual Studio Version 17
VisualStudioVersion = 17.12.35527.113
MinimumVisualStudioVersion = 10.0.40219.1
Project("{FAE04EC0-301F-11D3-BF4B-00C04F79EFBC}") = "ConsoleApp", "ConsoleApp.csproj", "{7BC893D6-09C0-4BDF-A299-92F8F2DC839B}"
EndProject
Project("{FAE04EC0-301F-11D3-BF4B-00C04F79EFBC}") = "NetPace.Core", "..\..\src\NetPace.Core\NetPace.Core.csproj", "{9FEDA85D-F14C-459B-897A-CA74D1D4E8C7}"
EndProject
Project("{2150E333-8FDC-42A3-9474-1A3956D46DE8}") = "Solution Items", "Solution Items", "{8EC462FD-D22E-90A8-E5CE-7E832BA40C5D}"
	ProjectSection(SolutionItems) = preProject
		..\..\.editorconfig = ..\..\.editorconfig
	EndProjectSection
EndProject
Global
	GlobalSection(SolutionConfigurationPlatforms) = preSolution
		Debug|Any CPU = Debug|Any CPU
		Release|Any CPU = Release|Any CPU
	EndGlobalSection
	GlobalSection(ProjectConfigurationPlatforms) = postSolution
		{7BC893D6-09C0-4BDF-A299-92F8F2DC839B}.Debug|Any CPU.ActiveCfg = Debug|Any CPU
		{7BC893D6-09C0-4BDF-A299-92F8F2DC839B}.Debug|Any CPU.Build.0 = Debug|Any CPU
		{7BC893D6-09C0-4BDF-A299-92F8F2DC839B}.Release|Any CPU.ActiveCfg = Release|Any CPU
		{7BC893D6-09C0-4BDF-A299-92F8F2DC839B}.Release|Any CPU.Build.0 = Release|Any CPU
		{9FEDA85D-F14C-459B-897A-CA74D1D4E8C7}.Debug|Any CPU.ActiveCfg = Debug|Any CPU
		{9FEDA85D-F14C-459B-897A-CA74D1D4E8C7}.Debug|Any CPU.Build.0 = Debug|Any CPU
		{9FEDA85D-F14C-459B-897A-CA74D1D4E8C7}.Release|Any CPU.ActiveCfg = Release|Any CPU
		{9FEDA85D-F14C-459B-897A-CA74D1D4E8C7}.Release|Any CPU.Build.0 = Release|Any CPU
	EndGlobalSection
	GlobalSection(SolutionProperties) = preSolution
		HideSolutionNode = FALSE
	EndGlobalSection
EndGlobal
